version = 1
revision = 1
requires-python = ">=3.13"

[[package]]
name = "asgiref"
version = "3.8.1"
source = { registry = "https://pypi.org/simple" }
sdist = { url = "https://files.pythonhosted.org/packages/29/38/b3395cc9ad1b56d2ddac9970bc8f4141312dbaec28bc7c218b0dfafd0f42/asgiref-3.8.1.tar.gz", hash = "sha256:c343bd80a0bec947a9860adb4c432ffa7db769836c64238fc34bdc3fec84d590", size = 35186 }
wheels = [
    { url = "https://files.pythonhosted.org/packages/39/e3/893e8757be2612e6c266d9bb58ad2e3651524b5b40cf56761e985a28b13e/asgiref-3.8.1-py3-none-any.whl", hash = "sha256:3e1e3ecc849832fe52ccf2cb6686b7a55f82bb1d6aee72a58826471390335e47", size = 23828 },
]

[[package]]
name = "click"
version = "8.1.8"
source = { registry = "https://pypi.org/simple" }
dependencies = [
    { name = "colorama", marker = "sys_platform == 'win32'" },
]
sdist = { url = "https://files.pythonhosted.org/packages/b9/2e/0090cbf739cee7d23781ad4b89a9894a41538e4fcf4c31dcdd705b78eb8b/click-8.1.8.tar.gz", hash = "sha256:ed53c9d8990d83c2a27deae68e4ee337473f6330c040a31d4225c9574d16096a", size = 226593 }
wheels = [
    { url = "https://files.pythonhosted.org/packages/7e/d4/7ebdbd03970677812aac39c869717059dbb71a4cfc033ca6e5221787892c/click-8.1.8-py3-none-any.whl", hash = "sha256:63c132bbbed01578a06712a2d1f497bb62d9c1c0d329b7903a866228027263b2", size = 98188 },
]

[[package]]
name = "colorama"
version = "0.4.6"
source = { registry = "https://pypi.org/simple" }
sdist = { url = "https://files.pythonhosted.org/packages/d8/53/6f443c9a4a8358a93a6792e2acffb9d9d5cb0a5cfd8802644b7b1c9a02e4/colorama-0.4.6.tar.gz", hash = "sha256:08695f5cb7ed6e0531a20572697297273c47b8cae5a63ffc6d6ed5c201be6e44", size = 27697 }
wheels = [
    { url = "https://files.pythonhosted.org/packages/d1/d6/3965ed04c63042e047cb6a3e6ed1a63a35087b6a609aa3a15ed8ac56c221/colorama-0.4.6-py2.py3-none-any.whl", hash = "sha256:4f1d9991f5acc0ca119f9d443620b77f9d6b33703e51011c16baf57afb285fc6", size = 25335 },
]

[[package]]
name = "django"
version = "5.1.7"
source = { registry = "https://pypi.org/simple" }
dependencies = [
    { name = "asgiref" },
    { name = "sqlparse" },
    { name = "tzdata", marker = "sys_platform == 'win32'" },
]
sdist = { url = "https://files.pythonhosted.org/packages/5f/57/11186e493ddc5a5e92cc7924a6363f7d4c2b645f7d7cb04a26a63f9bfb8b/Django-5.1.7.tar.gz", hash = "sha256:30de4ee43a98e5d3da36a9002f287ff400b43ca51791920bfb35f6917bfe041c", size = 10716510 }
wheels = [
    { url = "https://files.pythonhosted.org/packages/ba/0f/7e042df3d462d39ae01b27a09ee76653692442bc3701fbfa6cb38e12889d/Django-5.1.7-py3-none-any.whl", hash = "sha256:1323617cb624add820cb9611cdcc788312d250824f92ca6048fda8625514af2b", size = 8276912 },
]

[[package]]
name = "django-environ"
version = "0.12.0"
source = { registry = "https://pypi.org/simple" }
sdist = { url = "https://files.pythonhosted.org/packages/d6/04/65d2521842c42f4716225f20d8443a50804920606aec018188bbee30a6b0/django_environ-0.12.0.tar.gz", hash = "sha256:227dc891453dd5bde769c3449cf4a74b6f2ee8f7ab2361c93a07068f4179041a", size = 56804 }
wheels = [
    { url = "https://files.pythonhosted.org/packages/83/b3/0a3bec4ecbfee960f39b1842c2f91e4754251e0a6ed443db9fe3f666ba8f/django_environ-0.12.0-py2.py3-none-any.whl", hash = "sha256:92fb346a158abda07ffe6eb23135ce92843af06ecf8753f43adf9d2366dcc0ca", size = 19957 },
]

[[package]]
name = "granian"
version = "2.1.0"
source = { registry = "https://pypi.org/simple" }
dependencies = [
    { name = "click" },
]
sdist = { url = "https://files.pythonhosted.org/packages/93/1b/d9f3fa51ba81911f2f6e254e79355c231778373cc305cf41105eae4d475d/granian-2.1.0.tar.gz", hash = "sha256:3bdb300a4068bfa4e14046d92f3b68a562a4bbecf0b4b8f07c90057683f2d3ae", size = 93386 }
wheels = [
    { url = "https://files.pythonhosted.org/packages/6e/82/ab39162b80030cd4266ec74802e7d91f410a1ced723a240a7e801e07dd09/granian-2.1.0-cp313-cp313-macosx_10_12_x86_64.whl", hash = "sha256:07ee07b896e84960eb2d210c0422563667014274e4016d415e77b9ecd1bba70a", size = 2870904 },
    { url = "https://files.pythonhosted.org/packages/8a/97/ed070bff3ad867cac2556b79bd0b44b57d2859c49ea0f7a943c479938885/granian-2.1.0-cp313-cp313-macosx_11_0_arm64.whl", hash = "sha256:388da4ef0e237579f8d62338176507bd7315a858e433fc12d7a1e738d0c038e5", size = 2599133 },
    { url = "https://files.pythonhosted.org/packages/73/ed/a85a348e5edfc24616f330a7a49f9a69e724f5253442d39a7e99e14bae65/granian-2.1.0-cp313-cp313-manylinux_2_17_aarch64.manylinux2014_aarch64.whl", hash = "sha256:959a021b5e49dcd63b69b13bf3736e0acd2ce54ed4f4f80787297f21b41fab02", size = 2959983 },
    { url = "https://files.pythonhosted.org/packages/4b/ec/080f0a7ad2768c3208618029412f48b12c476d246d561363b8cb83d82cc6/granian-2.1.0-cp313-cp313-manylinux_2_17_x86_64.manylinux2014_x86_64.whl", hash = "sha256:ffdac58874d46a432ea2417a33ee02202c4996ff87901b6a7ec99d8620dd561c", size = 3040079 },
    { url = "https://files.pythonhosted.org/packages/70/87/9472d6e82e069a40281ccfc24f25b74f1dc2dcdd607c77ada3fdf38ade3e/granian-2.1.0-cp313-cp313-musllinux_1_1_aarch64.whl", hash = "sha256:5007691be1a61679f855e815ea869bd074878834d187ecf891f8ea99d5df8c0d", size = 2905741 },
    { url = "https://files.pythonhosted.org/packages/67/e7/ed52c3aa14ec6d06b3f30c179fb0c69666188b0fce154446a64ea2fee3b8/granian-2.1.0-cp313-cp313-musllinux_1_1_x86_64.whl", hash = "sha256:93ed43d4438a0ddff0fb291b3abf5fb3c11e058f905d501288f3ebfb51811980", size = 2997721 },
    { url = "https://files.pythonhosted.org/packages/01/78/c4b099530edb6c6ea3ea8ae5fe17a21128597032f3ea071066622d01aa67/granian-2.1.0-cp313-cp313-win_amd64.whl", hash = "sha256:91770fd64dff9de61537a8b698612c5c54cd5fb29978b95f15de7772cb508456", size = 2609693 },
    { url = "https://files.pythonhosted.org/packages/9e/70/f3638ad73f45f2ad0c64ad4b7e9ac40ebd4e2d303c5c6fcbdad70907d373/granian-2.1.0-cp313-cp313t-macosx_10_12_x86_64.whl", hash = "sha256:b74f0f6371bdf6b541a933319d5d5aaa9b4e56e5870ff5fc290c87b4682cc25a", size = 2740613 },
    { url = "https://files.pythonhosted.org/packages/af/e1/f47d3cfd5f72d1a75c4a87b7ab3ef08c9c69e78e93a1bda74faa30a2206c/granian-2.1.0-cp313-cp313t-macosx_11_0_arm64.whl", hash = "sha256:14536a619fdb03a3042a19b1e431e3e42e4591e4d5813c725045d63fcce2f104", size = 2474128 },
    { url = "https://files.pythonhosted.org/packages/b5/b1/79f1be7c7ed0a9a712aa409f211e74e75378cd268d07d57c189a1871d1ad/granian-2.1.0-cp313-cp313t-manylinux_2_17_aarch64.manylinux2014_aarch64.whl", hash = "sha256:bf1fdb1b893a90cf67f5af6f2afd0aeda802a05aaaeffe76770138610093b2c3", size = 2763572 },
    { url = "https://files.pythonhosted.org/packages/1f/f0/6e243978919814b941cd8edd2558582802b3a43d92defc18fdce3d2e5bda/granian-2.1.0-cp313-cp313t-manylinux_2_17_x86_64.manylinux2014_x86_64.whl", hash = "sha256:a38c1e9e7b722bed8f88d25c89770d6cb1cedccf972072b8e747ccde54e6edaa", size = 2852467 },
    { url = "https://files.pythonhosted.org/packages/d1/71/c1a3875d6e79f55f5a21b3941ef65ec4f4f5388fd7cdaa6eb205f544b603/granian-2.1.0-cp313-cp313t-musllinux_1_1_aarch64.whl", hash = "sha256:14122af8f0c28c5e09dece374dcecfc56fbffa77d04bdd99b08cfbb315104f37", size = 2899011 },
    { url = "https://files.pythonhosted.org/packages/b5/9e/be7c805dd5a8ead759655b95f037a2249ac1b2af968d1bb4d069e1f43dbe/granian-2.1.0-cp313-cp313t-musllinux_1_1_x86_64.whl", hash = "sha256:b49af76a84ec174d64aee4ce0d911a168129be77895e7c3b2b34587f9a63366d", size = 2988516 },
    { url = "https://files.pythonhosted.org/packages/bd/6f/2e253c49a43dc49bd7c71a4c4e0494f5c5db8da74b1ecdb02a42ef32d9c3/granian-2.1.0-cp313-cp313t-win_amd64.whl", hash = "sha256:f9f20873b742c233b78bcfa03f42d1c24184b78968454101d55416c7a60ba7b4", size = 2521411 },
]

[[package]]
name = "practice"
version = "0.1.0"
source = { editable = "." }
dependencies = [
    { name = "django" },
    { name = "django-environ" },
    { name = "granian" },
    { name = "psycopg2-binary" },
]

[package.metadata]
requires-dist = [
    { name = "django", specifier = "==5.1.7" },
    { name = "django-environ", specifier = "==0.12.0" },
    { name = "granian", specifier = "==2.1.0" },
    { name = "psycopg2-binary", specifier = "==2.9.10" },
]

[[package]]
name = "psycopg2-binary"
version = "2.9.10"
source = { registry = "https://pypi.org/simple" }
sdist = { url = "https://files.pythonhosted.org/packages/cb/0e/bdc8274dc0585090b4e3432267d7be4dfbfd8971c0fa59167c711105a6bf/psycopg2-binary-2.9.10.tar.gz", hash = "sha256:4b3df0e6990aa98acda57d983942eff13d824135fe2250e6522edaa782a06de2", size = 385764 }
wheels = [
    { url = "https://files.pythonhosted.org/packages/3e/30/d41d3ba765609c0763505d565c4d12d8f3c79793f0d0f044ff5a28bf395b/psycopg2_binary-2.9.10-cp313-cp313-macosx_12_0_x86_64.whl", hash = "sha256:26540d4a9a4e2b096f1ff9cce51253d0504dca5a85872c7f7be23be5a53eb18d", size = 3044699 },
    { url = "https://files.pythonhosted.org/packages/35/44/257ddadec7ef04536ba71af6bc6a75ec05c5343004a7ec93006bee66c0bc/psycopg2_binary-2.9.10-cp313-cp313-macosx_14_0_arm64.whl", hash = "sha256:e217ce4d37667df0bc1c397fdcd8de5e81018ef305aed9415c3b093faaeb10fb", size = 3275245 },
    { url = "https://files.pythonhosted.org/packages/1b/11/48ea1cd11de67f9efd7262085588790a95d9dfcd9b8a687d46caf7305c1a/psycopg2_binary-2.9.10-cp313-cp313-manylinux_2_17_aarch64.manylinux2014_aarch64.whl", hash = "sha256:245159e7ab20a71d989da00f280ca57da7641fa2cdcf71749c193cea540a74f7", size = 2851631 },
    { url = "https://files.pythonhosted.org/packages/62/e0/62ce5ee650e6c86719d621a761fe4bc846ab9eff8c1f12b1ed5741bf1c9b/psycopg2_binary-2.9.10-cp313-cp313-manylinux_2_17_i686.manylinux2014_i686.whl", hash = "sha256:3c4ded1a24b20021ebe677b7b08ad10bf09aac197d6943bfe6fec70ac4e4690d", size = 3082140 },
    { url = "https://files.pythonhosted.org/packages/27/ce/63f946c098611f7be234c0dd7cb1ad68b0b5744d34f68062bb3c5aa510c8/psycopg2_binary-2.9.10-cp313-cp313-manylinux_2_17_ppc64le.manylinux2014_ppc64le.whl", hash = "sha256:3abb691ff9e57d4a93355f60d4f4c1dd2d68326c968e7db17ea96df3c023ef73", size = 3264762 },
    { url = "https://files.pythonhosted.org/packages/43/25/c603cd81402e69edf7daa59b1602bd41eb9859e2824b8c0855d748366ac9/psycopg2_binary-2.9.10-cp313-cp313-manylinux_2_17_x86_64.manylinux2014_x86_64.whl", hash = "sha256:8608c078134f0b3cbd9f89b34bd60a943b23fd33cc5f065e8d5f840061bd0673", size = 3020967 },
    { url = "https://files.pythonhosted.org/packages/5f/d6/8708d8c6fca531057fa170cdde8df870e8b6a9b136e82b361c65e42b841e/psycopg2_binary-2.9.10-cp313-cp313-musllinux_1_2_aarch64.whl", hash = "sha256:230eeae2d71594103cd5b93fd29d1ace6420d0b86f4778739cb1a5a32f607d1f", size = 2872326 },
    { url = "https://files.pythonhosted.org/packages/ce/ac/5b1ea50fc08a9df82de7e1771537557f07c2632231bbab652c7e22597908/psycopg2_binary-2.9.10-cp313-cp313-musllinux_1_2_i686.whl", hash = "sha256:bb89f0a835bcfc1d42ccd5f41f04870c1b936d8507c6df12b7737febc40f0909", size = 2822712 },
    { url = "https://files.pythonhosted.org/packages/c4/fc/504d4503b2abc4570fac3ca56eb8fed5e437bf9c9ef13f36b6621db8ef00/psycopg2_binary-2.9.10-cp313-cp313-musllinux_1_2_ppc64le.whl", hash = "sha256:f0c2d907a1e102526dd2986df638343388b94c33860ff3bbe1384130828714b1", size = 2920155 },
    { url = "https://files.pythonhosted.org/packages/b2/d1/323581e9273ad2c0dbd1902f3fb50c441da86e894b6e25a73c3fda32c57e/psycopg2_binary-2.9.10-cp313-cp313-musllinux_1_2_x86_64.whl", hash = "sha256:f8157bed2f51db683f31306aa497311b560f2265998122abe1dce6428bd86567", size = 2959356 },
    { url = "https://files.pythonhosted.org/packages/08/50/d13ea0a054189ae1bc21af1d85b6f8bb9bbc5572991055d70ad9006fe2d6/psycopg2_binary-2.9.10-cp313-cp313-win_amd64.whl", hash = "sha256:27422aa5f11fbcd9b18da48373eb67081243662f9b46e6fd07c3eb46e4535142", size = 2569224 },
]

[[package]]
name = "sqlparse"
version = "0.5.3"
source = { registry = "https://pypi.org/simple" }
sdist = { url = "https://files.pythonhosted.org/packages/e5/40/edede8dd6977b0d3da179a342c198ed100dd2aba4be081861ee5911e4da4/sqlparse-0.5.3.tar.gz", hash = "sha256:09f67787f56a0b16ecdbde1bfc7f5d9c3371ca683cfeaa8e6ff60b4807ec9272", size = 84999 }
wheels = [
    { url = "https://files.pythonhosted.org/packages/a9/5c/bfd6bd0bf979426d405cc6e71eceb8701b148b16c21d2dc3c261efc61c7b/sqlparse-0.5.3-py3-none-any.whl", hash = "sha256:cf2196ed3418f3ba5de6af7e82c694a9fbdbfecccdfc72e281548517081f16ca", size = 44415 },
]

[[package]]
name = "tzdata"
version = "2025.1"
source = { registry = "https://pypi.org/simple" }
sdist = { url = "https://files.pythonhosted.org/packages/43/0f/fa4723f22942480be4ca9527bbde8d43f6c3f2fe8412f00e7f5f6746bc8b/tzdata-2025.1.tar.gz", hash = "sha256:24894909e88cdb28bd1636c6887801df64cb485bd593f2fd83ef29075a81d694", size = 194950 }
wheels = [
    { url = "https://files.pythonhosted.org/packages/0f/dd/84f10e23edd882c6f968c21c2434fe67bd4a528967067515feca9e611e5e/tzdata-2025.1-py2.py3-none-any.whl", hash = "sha256:7e127113816800496f027041c570f50bcd464a020098a3b6b199517772303639", size = 346762 },
]
